// !$*UTF8*$!
{
	archiveVersion = 1;
	classes = {
	};
	objectVersion = 46;
	objects = {

/* Begin PBXBuildFile section */
		F4D5C7951C544FC700CF4765 /* AppDelegate.swift in Sources */ = {isa = PBXBuildFile; fileRef = F4D5C7941C544FC700CF4765 /* AppDelegate.swift */; };
		F4D5C7971C544FC700CF4765 /* ViewController.swift in Sources */ = {isa = PBXBuildFile; fileRef = F4D5C7961C544FC700CF4765 /* ViewController.swift */; };
		F4D5C79A1C544FC700CF4765 /* Main.storyboard in Resources */ = {isa = PBXBuildFile; fileRef = F4D5C7981C544FC700CF4765 /* Main.storyboard */; };
		F4D5C79C1C544FC700CF4765 /* Assets.xcassets in Resources */ = {isa = PBXBuildFile; fileRef = F4D5C79B1C544FC700CF4765 /* Assets.xcassets */; };
		F4D5C79F1C544FC700CF4765 /* LaunchScreen.storyboard in Resources */ = {isa = PBXBuildFile; fileRef = F4D5C79D1C544FC700CF4765 /* LaunchScreen.storyboard */; };
		F4D5C7AA1C544FC700CF4765 /* gitTestTests.swift in Sources */ = {isa = PBXBuildFile; fileRef = F4D5C7A91C544FC700CF4765 /* gitTestTests.swift */; };
		F4D5C7B51C544FC700CF4765 /* gitTestUITests.swift in Sources */ = {isa = PBXBuildFile; fileRef = F4D5C7B41C544FC700CF4765 /* gitTestUITests.swift */; };
/* End PBXBuildFile section */

/* Begin PBXContainerItemProxy section */
		F4D5C7A61C544FC700CF4765 /* PBXContainerItemProxy */ = {
			isa = PBXContainerItemProxy;
			containerPortal = F4D5C7891C544FC700CF4765 /* Project object */;
			proxyType = 1;
			remoteGlobalIDString = F4D5C7901C544FC700CF4765;
			remoteInfo = gitTest;
		};
		F4D5C7B11C544FC700CF4765 /* PBXContainerItemProxy */ = {
			isa = PBXContainerItemProxy;
			containerPortal = F4D5C7891C544FC700CF4765 /* Project object */;
			proxyType = 1;
			remoteGlobalIDString = F4D5C7901C544FC700CF4765;
			remoteInfo = gitTest;
		};
/* End PBXContainerItemProxy section */

/* Begin PBXFileReference section */
		F4D5C7911C544FC700CF4765 /* gitTest.app */ = {isa = PBXFileReference; explicitFileType = wrapper.application; includeInIndex = 0; path = gitTest.app; sourceTree = BUILT_PRODUCTS_DIR; };
		F4D5C7941C544FC700CF4765 /* AppDelegate.swift */ = {isa = PBXFileReference; lastKnownFileType = sourcecode.swift; path = AppDelegate.swift; sourceTree = "<group>"; };
		F4D5C7961C544FC700CF4765 /* ViewController.swift */ = {isa = PBXFileReference; lastKnownFileType = sourcecode.swift; path = ViewController.swift; sourceTree = "<group>"; };
		F4D5C7991C544FC700CF4765 /* Base */ = {isa = PBXFileReference; lastKnownFileType = file.storyboard; name = Base; path = Base.lproj/Main.storyboard; sourceTree = "<group>"; };
		F4D5C79B1C544FC700CF4765 /* Assets.xcassets */ = {isa = PBXFileReference; lastKnownFileType = folder.assetcatalog; path = Assets.xcassets; sourceTree = "<group>"; };
		F4D5C79E1C544FC700CF4765 /* Base */ = {isa = PBXFileReference; lastKnownFileType = file.storyboard; name = Base; path = Base.lproj/LaunchScreen.storyboard; sourceTree = "<group>"; };
		F4D5C7A01C544FC700CF4765 /* Info.plist */ = {isa = PBXFileReference; lastKnownFileType = text.plist.xml; path = Info.plist; sourceTree = "<group>"; };
		F4D5C7A51C544FC700CF4765 /* gitTestTests.xctest */ = {isa = PBXFileReference; explicitFileType = wrapper.cfbundle; includeInIndex = 0; path = gitTestTests.xctest; sourceTree = BUILT_PRODUCTS_DIR; };
		F4D5C7A91C544FC700CF4765 /* gitTestTests.swift */ = {isa = PBXFileReference; lastKnownFileType = sourcecode.swift; path = gitTestTests.swift; sourceTree = "<group>"; };
		F4D5C7AB1C544FC700CF4765 /* Info.plist */ = {isa = PBXFileReference; lastKnownFileType = text.plist.xml; path = Info.plist; sourceTree = "<group>"; };
		F4D5C7B01C544FC700CF4765 /* gitTestUITests.xctest */ = {isa = PBXFileReference; explicitFileType = wrapper.cfbundle; includeInIndex = 0; path = gitTestUITests.xctest; sourceTree = BUILT_PRODUCTS_DIR; };
		F4D5C7B41C544FC700CF4765 /* gitTestUITests.swift */ = {isa = PBXFileReference; lastKnownFileType = sourcecode.swift; path = gitTestUITests.swift; sourceTree = "<group>"; };
		F4D5C7B61C544FC700CF4765 /* Info.plist */ = {isa = PBXFileReference; lastKnownFileType = text.plist.xml; path = Info.plist; sourceTree = "<group>"; };
/* End PBXFileReference section */

/* Begin PBXFrameworksBuildPhase section */
		F4D5C78E1C544FC700CF4765 /* Frameworks */ = {
			isa = PBXFrameworksBuildPhase;
			buildActionMask = 2147483647;
			files = (
			);
			runOnlyForDeploymentPostprocessing = 0;
		};
		F4D5C7A21C544FC700CF4765 /* Frameworks */ = {
			isa = PBXFrameworksBuildPhase;
			buildActionMask = 2147483647;
			files = (
			);
			runOnlyForDeploymentPostprocessing = 0;
		};
		F4D5C7AD1C544FC700CF4765 /* Frameworks */ = {
			isa = PBXFrameworksBuildPhase;
			buildActionMask = 2147483647;
			files = (
			);
			runOnlyForDeploymentPostprocessing = 0;
		};
/* End PBXFrameworksBuildPhase section */

/* Begin PBXGroup section */
		F4D5C7881C544FC700CF4765 = {
			isa = PBXGroup;
			children = (
				F4D5C7931C544FC700CF4765 /* gitTest */,
				F4D5C7A81C544FC700CF4765 /* gitTestTests */,
				F4D5C7B31C544FC700CF4765 /* gitTestUITests */,
				F4D5C7921C544FC700CF4765 /* Products */,
			);
			sourceTree = "<group>";
		};
		F4D5C7921C544FC700CF4765 /* Products */ = {
			isa = PBXGroup;
			children = (
				F4D5C7911C544FC700CF4765 /* gitTest.app */,
				F4D5C7A51C544FC700CF4765 /* gitTestTests.xctest */,
				F4D5C7B01C544FC700CF4765 /* gitTestUITests.xctest */,
			);
			name = Products;
			sourceTree = "<group>";
		};
		F4D5C7931C544FC700CF4765 /* gitTest */ = {
			isa = PBXGroup;
			children = (
				F4D5C7941C544FC700CF4765 /* AppDelegate.swift */,
				F4D5C7961C544FC700CF4765 /* ViewController.swift */,
				F4D5C7981C544FC700CF4765 /* Main.storyboard */,
				F4D5C79B1C544FC700CF4765 /* Assets.xcassets */,
				F4D5C79D1C544FC700CF4765 /* LaunchScreen.storyboard */,
				F4D5C7A01C544FC700CF4765 /* Info.plist */,
			);
			path = gitTest;
			sourceTree = "<group>";
		};
		F4D5C7A81C544FC700CF4765 /* gitTestTests */ = {
			isa = PBXGroup;
			children = (
				F4D5C7A91C544FC700CF4765 /* gitTestTests.swift */,
				F4D5C7AB1C544FC700CF4765 /* Info.plist */,
			);
			path = gitTestTests;
			sourceTree = "<group>";
		};
		F4D5C7B31C544FC700CF4765 /* gitTestUITests */ = {
			isa = PBXGroup;
			children = (
				F4D5C7B41C544FC700CF4765 /* gitTestUITests.swift */,
				F4D5C7B61C544FC700CF4765 /* Info.plist */,
			);
			path = gitTestUITests;
			sourceTree = "<group>";
		};
/* End PBXGroup section */

/* Begin PBXNativeTarget section */
		F4D5C7901C544FC700CF4765 /* gitTest */ = {
			isa = PBXNativeTarget;
			buildConfigurationList = F4D5C7B91C544FC700CF4765 /* Build configuration list for PBXNativeTarget "gitTest" */;
			buildPhases = (
				F4D5C78D1C544FC700CF4765 /* Sources */,
				F4D5C78E1C544FC700CF4765 /* Frameworks */,
				F4D5C78F1C544FC700CF4765 /* Resources */,
			);
			buildRules = (
			);
			dependencies = (
			);
			name = gitTest;
			productName = gitTest;
			productReference = F4D5C7911C544FC700CF4765 /* gitTest.app */;
			productType = "com.apple.product-type.application";
		};
		F4D5C7A41C544FC700CF4765 /* gitTestTests */ = {
			isa = PBXNativeTarget;
			buildConfigurationList = F4D5C7BC1C544FC700CF4765 /* Build configuration list for PBXNativeTarget "gitTestTests" */;
			buildPhases = (
				F4D5C7A11C544FC700CF4765 /* Sources */,
				F4D5C7A21C544FC700CF4765 /* Frameworks */,
				F4D5C7A31C544FC700CF4765 /* Resources */,
			);
			buildRules = (
			);
			dependencies = (
				F4D5C7A71C544FC700CF4765 /* PBXTargetDependency */,
			);
			name = gitTestTests;
			productName = gitTestTests;
			productReference = F4D5C7A51C544FC700CF4765 /* gitTestTests.xctest */;
			productType = "com.apple.product-type.bundle.unit-test";
		};
		F4D5C7AF1C544FC700CF4765 /* gitTestUITests */ = {
			isa = PBXNativeTarget;
			buildConfigurationList = F4D5C7BF1C544FC700CF4765 /* Build configuration list for PBXNativeTarget "gitTestUITests" */;
			buildPhases = (
				F4D5C7AC1C544FC700CF4765 /* Sources */,
				F4D5C7AD1C544FC700CF4765 /* Frameworks */,
				F4D5C7AE1C544FC700CF4765 /* Resources */,
			);
			buildRules = (
			);
			dependencies = (
				F4D5C7B21C544FC700CF4765 /* PBXTargetDependency */,
			);
			name = gitTestUITests;
			productName = gitTestUITests;
			productReference = F4D5C7B01C544FC700CF4765 /* gitTestUITests.xctest */;
			productType = "com.apple.product-type.bundle.ui-testing";
		};
/* End PBXNativeTarget section */

/* Begin PBXProject section */
		F4D5C7891C544FC700CF4765 /* Project object */ = {
			isa = PBXProject;
			attributes = {
				LastSwiftUpdateCheck = 0720;
				LastUpgradeCheck = 0720;
				ORGANIZATIONNAME = MikidaApps;
				TargetAttributes = {
					F4D5C7901C544FC700CF4765 = {
						CreatedOnToolsVersion = 7.2;
					};
					F4D5C7A41C544FC700CF4765 = {
						CreatedOnToolsVersion = 7.2;
						TestTargetID = F4D5C7901C544FC700CF4765;
					};
					F4D5C7AF1C544FC700CF4765 = {
						CreatedOnToolsVersion = 7.2;
						TestTargetID = F4D5C7901C544FC700CF4765;
					};
				};
			};
			buildConfigurationList = F4D5C78C1C544FC700CF4765 /* Build configuration list for PBXProject "gitTest" */;
			compatibilityVersion = "Xcode 3.2";
			developmentRegion = English;
			hasScannedForEncodings = 0;
			knownRegions = (
				en,
				Base,
			);
			mainGroup = F4D5C7881C544FC700CF4765;
			productRefGroup = F4D5C7921C544FC700CF4765 /* Products */;
			projectDirPath = "";
			projectRoot = "";
			targets = (
				F4D5C7901C544FC700CF4765 /* gitTest */,
				F4D5C7A41C544FC700CF4765 /* gitTestTests */,
				F4D5C7AF1C544FC700CF4765 /* gitTestUITests */,
			);
		};
/* End PBXProject section */

/* Begin PBXResourcesBuildPhase section */
		F4D5C78F1C544FC700CF4765 /* Resources */ = {
			isa = PBXResourcesBuildPhase;
			buildActionMask = 2147483647;
			files = (
				F4D5C79F1C544FC700CF4765 /* LaunchScreen.storyboard in Resources */,
				F4D5C79C1C544FC700CF4765 /* Assets.xcassets in Resources */,
				F4D5C79A1C544FC700CF4765 /* Main.storyboard in Resources */,
			);
			runOnlyForDeploymentPostprocessing = 0;
		};
		F4D5C7A31C544FC700CF4765 /* Resources */ = {
			isa = PBXResourcesBuildPhase;
			buildActionMask = 2147483647;
			files = (
			);
			runOnlyForDeploymentPostprocessing = 0;
		};
		F4D5C7AE1C544FC700CF4765 /* Resources */ = {
			isa = PBXResourcesBuildPhase;
			buildActionMask = 2147483647;
			files = (
			);
			runOnlyForDeploymentPostprocessing = 0;
		};
/* End PBXResourcesBuildPhase section */

/* Begin PBXSourcesBuildPhase section */
		F4D5C78D1C544FC700CF4765 /* Sources */ = {
			isa = PBXSourcesBuildPhase;
			buildActionMask = 2147483647;
			files = (
				F4D5C7971C544FC700CF4765 /* ViewController.swift in Sources */,
				F4D5C7951C544FC700CF4765 /* AppDelegate.swift in Sources */,
			);
			runOnlyForDeploymentPostprocessing = 0;
		};
		F4D5C7A11C544FC700CF4765 /* Sources */ = {
			isa = PBXSourcesBuildPhase;
			buildActionMask = 2147483647;
			files = (
				F4D5C7AA1C544FC700CF4765 /* gitTestTests.swift in Sources */,
			);
			runOnlyForDeploymentPostprocessing = 0;
		};
		F4D5C7AC1C544FC700CF4765 /* Sources */ = {
			isa = PBXSourcesBuildPhase;
			buildActionMask = 2147483647;
			files = (
				F4D5C7B51C544FC700CF4765 /* gitTestUITests.swift in Sources */,
			);
			runOnlyForDeploymentPostprocessing = 0;
		};
/* End PBXSourcesBuildPhase section */

/* Begin PBXTargetDependency section */
		F4D5C7A71C544FC700CF4765 /* PBXTargetDependency */ = {
			isa = PBXTargetDependency;
			target = F4D5C7901C544FC700CF4765 /* gitTest */;
			targetProxy = F4D5C7A61C544FC700CF4765 /* PBXContainerItemProxy */;
		};
		F4D5C7B21C544FC700CF4765 /* PBXTargetDependency */ = {
			isa = PBXTargetDependency;
			target = F4D5C7901C544FC700CF4765 /* gitTest */;
			targetProxy = F4D5C7B11C544FC700CF4765 /* PBXContainerItemProxy */;
		};
/* End PBXTargetDependency section */

/* Begin PBXVariantGroup section */
		F4D5C7981C544FC700CF4765 /* Main.storyboard */ = {
			isa = PBXVariantGroup;
			children = (
				F4D5C7991C544FC700CF4765 /* Base */,
			);
			name = Main.storyboard;
			sourceTree = "<group>";
		};
		F4D5C79D1C544FC700CF4765 /* LaunchScreen.storyboard */ = {
			isa = PBXVariantGroup;
			children = (
				F4D5C79E1C544FC700CF4765 /* Base */,
			);
			name = LaunchScreen.storyboard;
			sourceTree = "<group>";
		};
/* End PBXVariantGroup section */

/* Begin XCBuildConfiguration section */
		F4D5C7B71C544FC700CF4765 /* Debug */ = {
			isa = XCBuildConfiguration;
			buildSettings = {
				ALWAYS_SEARCH_USER_PATHS = NO;
				CLANG_CXX_LANGUAGE_STANDARD = "gnu++0x";
				CLANG_CXX_LIBRARY = "libc++";
				CLANG_ENABLE_MODULES = YES;
				CLANG_ENABLE_OBJC_ARC = YES;
				CLANG_WARN_BOOL_CONVERSION = YES;
				CLANG_WARN_CONSTANT_CONVERSION = YES;
				CLANG_WARN_DIRECT_OBJC_ISA_USAGE = YES_ERROR;
				CLANG_WARN_EMPTY_BODY = YES;
				CLANG_WARN_ENUM_CONVERSION = YES;
				CLANG_WARN_INT_CONVERSION = YES;
				CLANG_WARN_OBJC_ROOT_CLASS = YES_ERROR;
				CLANG_WARN_UNREACHABLE_CODE = YES;
				CLANG_WARN__DUPLICATE_METHOD_MATCH = YES;
				"CODE_SIGN_IDENTITY[sdk=iphoneos*]" = "iPhone Developer";
				COPY_PHASE_STRIP = NO;
				DEBUG_INFORMATION_FORMAT = dwarf;
				ENABLE_STRICT_OBJC_MSGSEND = YES;
				ENABLE_TESTABILITY = YES;
				GCC_C_LANGUAGE_STANDARD = gnu99;
				GCC_DYNAMIC_NO_PIC = NO;
				GCC_NO_COMMON_BLOCKS = YES;
				GCC_OPTIMIZATION_LEVEL = 0;
				GCC_PREPROCESSOR_DEFINITIONS = (
					"DEBUG=1",
					"$(inherited)",
				);
				GCC_WARN_64_TO_32_BIT_CONVERSION = YES;
				GCC_WARN_ABOUT_RETURN_TYPE = YES_ERROR;
				GCC_WARN_UNDECLARED_SELECTOR = YES;
				GCC_WARN_UNINITIALIZED_AUTOS = YES_AGGRESSIVE;
				GCC_WARN_UNUSED_FUNCTION = YES;
				GCC_WARN_UNUSED_VARIABLE = YES;
				IPHONEOS_DEPLOYMENT_TARGET = 9.2;
				MTL_ENABLE_DEBUG_INFO = YES;
				ONLY_ACTIVE_ARCH = YES;
				SDKROOT = iphoneos;
				SWIFT_OPTIMIZATION_LEVEL = "-Onone";
			};
			name = Debug;
		};
		F4D5C7B81C544FC700CF4765 /* Release */ = {
			isa = XCBuildConfiguration;
			buildSettings = {
				ALWAYS_SEARCH_USER_PATHS = NO;
				CLANG_CXX_LANGUAGE_STANDARD = "gnu++0x";
				CLANG_CXX_LIBRARY = "libc++";
				CLANG_ENABLE_MODULES = YES;
				CLANG_ENABLE_OBJC_ARC = YES;
				CLANG_WARN_BOOL_CONVERSION = YES;
				CLANG_WARN_CONSTANT_CONVERSION = YES;
				CLANG_WARN_DIRECT_OBJC_ISA_USAGE = YES_ERROR;
				CLANG_WARN_EMPTY_BODY = YES;
				CLANG_WARN_ENUM_CONVERSION = YES;
				CLANG_WARN_INT_CONVERSION = YES;
				CLANG_WARN_OBJC_ROOT_CLASS = YES_ERROR;
				CLANG_WARN_UNREACHABLE_CODE = YES;
				CLANG_WARN__DUPLICATE_METHOD_MATCH = YES;
				"CODE_SIGN_IDENTITY[sdk=iphoneos*]" = "iPhone Developer";
				COPY_PHASE_STRIP = NO;
				DEBUG_INFORMATION_FORMAT = "dwarf-with-dsym";
				ENABLE_NS_ASSERTIONS = NO;
				ENABLE_STRICT_OBJC_MSGSEND = YES;
				GCC_C_LANGUAGE_STANDARD = gnu99;
				GCC_NO_COMMON_BLOCKS = YES;
				GCC_WARN_64_TO_32_BIT_CONVERSION = YES;
				GCC_WARN_ABOUT_RETURN_TYPE = YES_ERROR;
				GCC_WARN_UNDECLARED_SELECTOR = YES;
				GCC_WARN_UNINITIALIZED_AUTOS = YES_AGGRESSIVE;
				GCC_WARN_UNUSED_FUNCTION = YES;
				GCC_WARN_UNUSED_VARIABLE = YES;
				IPHONEOS_DEPLOYMENT_TARGET = 9.2;
				MTL_ENABLE_DEBUG_INFO = NO;
				SDKROOT = iphoneos;
				VALIDATE_PRODUCT = YES;
			};
			name = Release;
		};
		F4D5C7BA1C544FC700CF4765 /* Debug */ = {
			isa = XCBuildConfiguration;
			buildSettings = {
				ASSETCATALOG_COMPILER_APPICON_NAME = AppIcon;
				INFOPLIST_FILE = gitTest/Info.plist;
				LD_RUNPATH_SEARCH_PATHS = "$(inherited) @executable_path/Frameworks";
				PRODUCT_BUNDLE_IDENTIFIER = com.mikidaapps.gitTest;
				PRODUCT_NAME = "$(TARGET_NAME)";
			};
			name = Debug;
		};
		F4D5C7BB1C544FC700CF4765 /* Release */ = {
			isa = XCBuildConfiguration;
			buildSettings = {
				ASSETCATALOG_COMPILER_APPICON_NAME = AppIcon;
				INFOPLIST_FILE = gitTest/Info.plist;
				LD_RUNPATH_SEARCH_PATHS = "$(inherited) @executable_path/Frameworks";
				PRODUCT_BUNDLE_IDENTIFIER = com.mikidaapps.gitTest;
				PRODUCT_NAME = "$(TARGET_NAME)";
			};
			name = Release;
		};
		F4D5C7BD1C544FC700CF4765 /* Debug */ = {
			isa = XCBuildConfiguration;
			buildSettings = {
				BUNDLE_LOADER = "$(TEST_HOST)";
				INFOPLIST_FILE = gitTestTests/Info.plist;
				LD_RUNPATH_SEARCH_PATHS = "$(inherited) @executable_path/Frameworks @loader_path/Frameworks";
				PRODUCT_BUNDLE_IDENTIFIER = com.mikidaapps.gitTestTests;
				PRODUCT_NAME = "$(TARGET_NAME)";
				TEST_HOST = "$(BUILT_PRODUCTS_DIR)/gitTest.app/gitTest";
			};
			name = Debug;
		};
		F4D5C7BE1C544FC700CF4765 /* Release */ = {
			isa = XCBuildConfiguration;
			buildSettings = {
				BUNDLE_LOADER = "$(TEST_HOST)";
				INFOPLIST_FILE = gitTestTests/Info.plist;
				LD_RUNPATH_SEARCH_PATHS = "$(inherited) @executable_path/Frameworks @loader_path/Frameworks";
				PRODUCT_BUNDLE_IDENTIFIER = com.mikidaapps.gitTestTests;
				PRODUCT_NAME = "$(TARGET_NAME)";
				TEST_HOST = "$(BUILT_PRODUCTS_DIR)/gitTest.app/gitTest";
			};
			name = Release;
		};
		F4D5C7C01C544FC700CF4765 /* Debug */ = {
			isa = XCBuildConfiguration;
			buildSettings = {
				INFOPLIST_FILE = gitTestUITests/Info.plist;
				LD_RUNPATH_SEARCH_PATHS = "$(inherited) @executable_path/Frameworks @loader_path/Frameworks";
				PRODUCT_BUNDLE_IDENTIFIER = com.mikidaapps.gitTestUITests;
				PRODUCT_NAME = "$(TARGET_NAME)";
				TEST_TARGET_NAME = gitTest;
				USES_XCTRUNNER = YES;
			};
			name = Debug;
		};
		F4D5C7C11C544FC700CF4765 /* Release */ = {
			isa = XCBuildConfiguration;
			buildSettings = {
				INFOPLIST_FILE = gitTestUITests/Info.plist;
				LD_RUNPATH_SEARCH_PATHS = "$(inherited) @executable_path/Frameworks @loader_path/Frameworks";
				PRODUCT_BUNDLE_IDENTIFIER = com.mikidaapps.gitTestUITests;
				PRODUCT_NAME = "$(TARGET_NAME)";
				TEST_TARGET_NAME = gitTest;
				USES_XCTRUNNER = YES;
			};
			name = Release;
		};
/* End XCBuildConfiguration section */

/* Begin XCConfigurationList section */
		F4D5C78C1C544FC700CF4765 /* Build configuration list for PBXProject "gitTest" */ = {
			isa = XCConfigurationList;
			buildConfigurations = (
				F4D5C7B71C544FC700CF4765 /* Debug */,
				F4D5C7B81C544FC700CF4765 /* Release */,
			);
			defaultConfigurationIsVisible = 0;
			defaultConfigurationName = Release;
		};
		F4D5C7B91C544FC700CF4765 /* Build configuration list for PBXNativeTarget "gitTest" */ = {
			isa = XCConfigurationList;
			buildConfigurations = (
				F4D5C7BA1C544FC700CF4765 /* Debug */,
				F4D5C7BB1C544FC700CF4765 /* Release */,
			);
			defaultConfigurationIsVisible = 0;
		};
		F4D5C7BC1C544FC700CF4765 /* Build configuration list for PBXNativeTarget "gitTestTests" */ = {
			isa = XCConfigurationList;
			buildConfigurations = (
				F4D5C7BD1C544FC700CF4765 /* Debug */,
				F4D5C7BE1C544FC700CF4765 /* Release */,
			);
			defaultConfigurationIsVisible = 0;
		};
		F4D5C7BF1C544FC700CF4765 /* Build configuration list for PBXNativeTarget "gitTestUITests" */ = {
			isa = XCConfigurationList;
			buildConfigurations = (
				F4D5C7C01C544FC700CF4765 /* Debug */,
				F4D5C7C11C544FC700CF4765 /* Release */,
			);
			defaultConfigurationIsVisible = 0;
		};
/* End XCConfigurationList section */
	};
	rootObject = F4D5C7891C544FC700CF4765 /* Project object */;
}
